{
  "name": "restifizer-sequelize-ds",
  "version": "0.2.4",
  "lockfileVersion": 1,
  "requires": true,
  "dependencies": {
    "http-statuses": {
      "version": "0.2.0",
      "resolved": "https://registry.npmjs.org/http-statuses/-/http-statuses-0.2.0.tgz",
      "integrity": "sha1-U3qiUIIl1T95EY16dXLf17DdZgI="
    },
    "lodash": {
      "version": "4.17.15",
      "resolved": "https://registry.npmjs.org/lodash/-/lodash-4.17.15.tgz",
      "integrity": "sha512-8xOcRHvCjnocdS5cpwXQXVzmmh5e5+saE2QGoeQmbKmRS6J3VQppPOIt0MnmE+4xlZoumy0GPG0D0MVIQbNA1A=="
    }
  }
}
